
Microsoft Visual Studio Solution File, Format Version 12.00
# Visual Studio 2013
VisualStudioVersion = 12.0.21005.1
MinimumVisualStudioVersion = 10.0.40219.1
Project("{8BC9CEB8-8B4A-11D0-8D11-00A0C91BC942}") = "HW1-1", "HW1-1\HW1-1.vcxproj", "{4665EE4A-98D7-48E6-9F79-3AAB69F697E1}"
EndProject
Global
	GlobalSection(SolutionConfigurationPlatforms) = preSolution
		Debug|Win32 = Debug|Win32
		Release|Win32 = Release|Win32
	EndGlobalSection
	GlobalSection(ProjectConfigurationPlatforms) = postSolution
		{4665EE4A-98D7-48E6-9F79-3AAB69F697E1}.Debug|Win32.ActiveCfg = Debug|Win32
		{4665EE4A-98D7-48E6-9F79-3AAB69F697E1}.Debug|Win32.Build.0 = Debug|Win32
		{4665EE4A-98D7-48E6-9F79-3AAB69F697E1}.Release|Win32.ActiveCfg = Release|Win32
		{4665EE4A-98D7-48E6-9F79-3AAB69F697E1}.Release|Win32.Build.0 = Release|Win32
	EndGlobalSection
	GlobalSection(SolutionProperties) = preSolution
		HideSolutionNode = FALSE
	EndGlobalSection
EndGlobal
